version = 1
revision = 1
requires-python = ">=3.12.3"

[[package]]
name = "annotated-types"
version = "0.7.0"
source = { registry = "https://pypi.org/simple" }
sdist = { url = "https://files.pythonhosted.org/packages/ee/67/531ea369ba64dcff5ec9c3402f9f51bf748cec26dde048a2f973a4eea7f5/annotated_types-0.7.0.tar.gz", hash = "sha256:aff07c09a53a08bc8cfccb9c85b05f1aa9a2a6f23728d790723543408344ce89", size = 16081 }
wheels = [
    { url = "https://files.pythonhosted.org/packages/78/b6/6307fbef88d9b5ee7421e68d78a9f162e0da4900bc5f5793f6d3d0e34fb8/annotated_types-0.7.0-py3-none-any.whl", hash = "sha256:1f02e8b43a8fbbc3f3e0d4f0f4bfc8131bcb4eebe8849b8e5c773f3a1c582a53", size = 13643 },
]

[[package]]
name = "anyio"
version = "4.10.0"
source = { registry = "https://pypi.org/simple" }
dependencies = [
    { name = "idna" },
    { name = "sniffio" },
    { name = "typing-extensions", marker = "python_full_version < '3.13'" },
]
sdist = { url = "https://files.pythonhosted.org/packages/f1/b4/636b3b65173d3ce9a38ef5f0522789614e590dab6a8d505340a4efe4c567/anyio-4.10.0.tar.gz", hash = "sha256:3f3fae35c96039744587aa5b8371e7e8e603c0702999535961dd336026973ba6", size = 213252 }
wheels = [
    { url = "https://files.pythonhosted.org/packages/6f/12/e5e0282d673bb9746bacfb6e2dba8719989d3660cdb2ea79aee9a9651afb/anyio-4.10.0-py3-none-any.whl", hash = "sha256:60e474ac86736bbfd6f210f7a61218939c318f43f9972497381f1c5e930ed3d1", size = 107213 },
]

[[package]]
name = "certifi"
version = "2025.8.3"
source = { registry = "https://pypi.org/simple" }
sdist = { url = "https://files.pythonhosted.org/packages/dc/67/960ebe6bf230a96cda2e0abcf73af550ec4f090005363542f0765df162e0/certifi-2025.8.3.tar.gz", hash = "sha256:e564105f78ded564e3ae7c923924435e1daa7463faeab5bb932bc53ffae63407", size = 162386 }
wheels = [
    { url = "https://files.pythonhosted.org/packages/e5/48/1549795ba7742c948d2ad169c1c8cdbae65bc450d6cd753d124b17c8cd32/certifi-2025.8.3-py3-none-any.whl", hash = "sha256:f6c12493cfb1b06ba2ff328595af9350c65d6644968e5d3a2ffd78699af217a5", size = 161216 },
]

[[package]]
name = "clear-categorisation-id"
version = "0.1.0"
source = { virtual = "." }
dependencies = [
    { name = "fastapi" },
    { name = "httpx" },
    { name = "pydantic" },
    { name = "python-multipart" },
    { name = "redis" },
    { name = "uvicorn" },
]

[package.dev-dependencies]
dev = [
    { name = "httpx" },
    { name = "pytest" },
    { name = "pytest-asyncio" },
    { name = "pytest-cov" },
]

[package.metadata]
requires-dist = [
    { name = "fastapi", specifier = ">=0.116.1" },
    { name = "httpx", specifier = ">=0.28.1" },
    { name = "pydantic", specifier = ">=2.11.7" },
    { name = "python-multipart", specifier = ">=0.0.20" },
    { name = "redis", specifier = ">=6.4.0" },
    { name = "uvicorn", specifier = ">=0.35.0" },
]

[package.metadata.requires-dev]
dev = [
    { name = "httpx", specifier = ">=0.28.1" },
    { name = "pytest", specifier = ">=8.4.1" },
    { name = "pytest-asyncio", specifier = ">=1.1.0" },
    { name = "pytest-cov", specifier = ">=6.2.1" },
]

[[package]]
name = "click"
version = "8.2.1"
source = { registry = "https://pypi.org/simple" }
dependencies = [
    { name = "colorama", marker = "sys_platform == 'win32'" },
]
sdist = { url = "https://files.pythonhosted.org/packages/60/6c/8ca2efa64cf75a977a0d7fac081354553ebe483345c734fb6b6515d96bbc/click-8.2.1.tar.gz", hash = "sha256:27c491cc05d968d271d5a1db13e3b5a184636d9d930f148c50b038f0d0646202", size = 286342 }
wheels = [
    { url = "https://files.pythonhosted.org/packages/85/32/10bb5764d90a8eee674e9dc6f4db6a0ab47c8c4d0d83c27f7c39ac415a4d/click-8.2.1-py3-none-any.whl", hash = "sha256:61a3265b914e850b85317d0b3109c7f8cd35a670f963866005d6ef1d5175a12b", size = 102215 },
]

[[package]]
name = "colorama"
version = "0.4.6"
source = { registry = "https://pypi.org/simple" }
sdist = { url = "https://files.pythonhosted.org/packages/d8/53/6f443c9a4a8358a93a6792e2acffb9d9d5cb0a5cfd8802644b7b1c9a02e4/colorama-0.4.6.tar.gz", hash = "sha256:08695f5cb7ed6e0531a20572697297273c47b8cae5a63ffc6d6ed5c201be6e44", size = 27697 }
wheels = [
    { url = "https://files.pythonhosted.org/packages/d1/d6/3965ed04c63042e047cb6a3e6ed1a63a35087b6a609aa3a15ed8ac56c221/colorama-0.4.6-py2.py3-none-any.whl", hash = "sha256:4f1d9991f5acc0ca119f9d443620b77f9d6b33703e51011c16baf57afb285fc6", size = 25335 },
]

[[package]]
name = "coverage"
version = "7.10.3"
source = { registry = "https://pypi.org/simple" }
sdist = { url = "https://files.pythonhosted.org/packages/f4/2c/253cc41cd0f40b84c1c34c5363e0407d73d4a1cae005fed6db3b823175bd/coverage-7.10.3.tar.gz", hash = "sha256:812ba9250532e4a823b070b0420a36499859542335af3dca8f47fc6aa1a05619", size = 822936 }
wheels = [
    { url = "https://files.pythonhosted.org/packages/b8/62/13c0b66e966c43d7aa64dadc8cd2afa1f5a2bf9bb863bdabc21fb94e8b63/coverage-7.10.3-cp312-cp312-macosx_10_13_x86_64.whl", hash = "sha256:449c1e2d3a84d18bd204258a897a87bc57380072eb2aded6a5b5226046207b42", size = 216262 },
    { url = "https://files.pythonhosted.org/packages/b5/f0/59fdf79be7ac2f0206fc739032f482cfd3f66b18f5248108ff192741beae/coverage-7.10.3-cp312-cp312-macosx_11_0_arm64.whl", hash = "sha256:1d4f9ce50b9261ad196dc2b2e9f1fbbee21651b54c3097a25ad783679fd18294", size = 216496 },
    { url = "https://files.pythonhosted.org/packages/34/b1/bc83788ba31bde6a0c02eb96bbc14b2d1eb083ee073beda18753fa2c4c66/coverage-7.10.3-cp312-cp312-manylinux1_i686.manylinux_2_28_i686.manylinux_2_5_i686.whl", hash = "sha256:4dd4564207b160d0d45c36a10bc0a3d12563028e8b48cd6459ea322302a156d7", size = 247989 },
    { url = "https://files.pythonhosted.org/packages/0c/29/f8bdf88357956c844bd872e87cb16748a37234f7f48c721dc7e981145eb7/coverage-7.10.3-cp312-cp312-manylinux1_x86_64.manylinux_2_28_x86_64.manylinux_2_5_x86_64.whl", hash = "sha256:5ca3c9530ee072b7cb6a6ea7b640bcdff0ad3b334ae9687e521e59f79b1d0437", size = 250738 },
    { url = "https://files.pythonhosted.org/packages/ae/df/6396301d332b71e42bbe624670af9376f63f73a455cc24723656afa95796/coverage-7.10.3-cp312-cp312-manylinux2014_aarch64.manylinux_2_17_aarch64.manylinux_2_28_aarch64.whl", hash = "sha256:b6df359e59fa243c9925ae6507e27f29c46698359f45e568fd51b9315dbbe587", size = 251868 },
    { url = "https://files.pythonhosted.org/packages/91/21/d760b2df6139b6ef62c9cc03afb9bcdf7d6e36ed4d078baacffa618b4c1c/coverage-7.10.3-cp312-cp312-musllinux_1_2_aarch64.whl", hash = "sha256:a181e4c2c896c2ff64c6312db3bda38e9ade2e1aa67f86a5628ae85873786cea", size = 249790 },
    { url = "https://files.pythonhosted.org/packages/69/91/5dcaa134568202397fa4023d7066d4318dc852b53b428052cd914faa05e1/coverage-7.10.3-cp312-cp312-musllinux_1_2_i686.whl", hash = "sha256:a374d4e923814e8b72b205ef6b3d3a647bb50e66f3558582eda074c976923613", size = 247907 },
    { url = "https://files.pythonhosted.org/packages/38/ed/70c0e871cdfef75f27faceada461206c1cc2510c151e1ef8d60a6fedda39/coverage-7.10.3-cp312-cp312-musllinux_1_2_x86_64.whl", hash = "sha256:daeefff05993e5e8c6e7499a8508e7bd94502b6b9a9159c84fd1fe6bce3151cb", size = 249344 },
    { url = "https://files.pythonhosted.org/packages/5f/55/c8a273ed503cedc07f8a00dcd843daf28e849f0972e4c6be4c027f418ad6/coverage-7.10.3-cp312-cp312-win32.whl", hash = "sha256:187ecdcac21f9636d570e419773df7bd2fda2e7fa040f812e7f95d0bddf5f79a", size = 218693 },
    { url = "https://files.pythonhosted.org/packages/94/58/dd3cfb2473b85be0b6eb8c5b6d80b6fc3f8f23611e69ef745cef8cf8bad5/coverage-7.10.3-cp312-cp312-win_amd64.whl", hash = "sha256:4a50ad2524ee7e4c2a95e60d2b0b83283bdfc745fe82359d567e4f15d3823eb5", size = 219501 },
    { url = "https://files.pythonhosted.org/packages/56/af/7cbcbf23d46de6f24246e3f76b30df099d05636b30c53c158a196f7da3ad/coverage-7.10.3-cp312-cp312-win_arm64.whl", hash = "sha256:c112f04e075d3495fa3ed2200f71317da99608cbb2e9345bdb6de8819fc30571", size = 218135 },
    { url = "https://files.pythonhosted.org/packages/0a/ff/239e4de9cc149c80e9cc359fab60592365b8c4cbfcad58b8a939d18c6898/coverage-7.10.3-cp313-cp313-macosx_10_13_x86_64.whl", hash = "sha256:b99e87304ffe0eb97c5308447328a584258951853807afdc58b16143a530518a", size = 216298 },
    { url = "https://files.pythonhosted.org/packages/56/da/28717da68f8ba68f14b9f558aaa8f3e39ada8b9a1ae4f4977c8f98b286d5/coverage-7.10.3-cp313-cp313-macosx_11_0_arm64.whl", hash = "sha256:4af09c7574d09afbc1ea7da9dcea23665c01f3bc1b1feb061dac135f98ffc53a", size = 216546 },
    { url = "https://files.pythonhosted.org/packages/de/bb/e1ade16b9e3f2d6c323faeb6bee8e6c23f3a72760a5d9af102ef56a656cb/coverage-7.10.3-cp313-cp313-manylinux1_i686.manylinux_2_28_i686.manylinux_2_5_i686.whl", hash = "sha256:488e9b50dc5d2aa9521053cfa706209e5acf5289e81edc28291a24f4e4488f46", size = 247538 },
    { url = "https://files.pythonhosted.org/packages/ea/2f/6ae1db51dc34db499bfe340e89f79a63bd115fc32513a7bacdf17d33cd86/coverage-7.10.3-cp313-cp313-manylinux1_x86_64.manylinux_2_28_x86_64.manylinux_2_5_x86_64.whl", hash = "sha256:913ceddb4289cbba3a310704a424e3fb7aac2bc0c3a23ea473193cb290cf17d4", size = 250141 },
    { url = "https://files.pythonhosted.org/packages/4f/ed/33efd8819895b10c66348bf26f011dd621e804866c996ea6893d682218df/coverage-7.10.3-cp313-cp313-manylinux2014_aarch64.manylinux_2_17_aarch64.manylinux_2_28_aarch64.whl", hash = "sha256:6b1f91cbc78c7112ab84ed2a8defbccd90f888fcae40a97ddd6466b0bec6ae8a", size = 251415 },
    { url = "https://files.pythonhosted.org/packages/26/04/cb83826f313d07dc743359c9914d9bc460e0798da9a0e38b4f4fabc207ed/coverage-7.10.3-cp313-cp313-musllinux_1_2_aarch64.whl", hash = "sha256:b0bac054d45af7cd938834b43a9878b36ea92781bcb009eab040a5b09e9927e3", size = 249575 },
    { url = "https://files.pythonhosted.org/packages/2d/fd/ae963c7a8e9581c20fa4355ab8940ca272554d8102e872dbb932a644e410/coverage-7.10.3-cp313-cp313-musllinux_1_2_i686.whl", hash = "sha256:fe72cbdd12d9e0f4aca873fa6d755e103888a7f9085e4a62d282d9d5b9f7928c", size = 247466 },
    { url = "https://files.pythonhosted.org/packages/99/e8/b68d1487c6af370b8d5ef223c6d7e250d952c3acfbfcdbf1a773aa0da9d2/coverage-7.10.3-cp313-cp313-musllinux_1_2_x86_64.whl", hash = "sha256:c1e2e927ab3eadd7c244023927d646e4c15c65bb2ac7ae3c3e9537c013700d21", size = 249084 },
    { url = "https://files.pythonhosted.org/packages/66/4d/a0bcb561645c2c1e21758d8200443669d6560d2a2fb03955291110212ec4/coverage-7.10.3-cp313-cp313-win32.whl", hash = "sha256:24d0c13de473b04920ddd6e5da3c08831b1170b8f3b17461d7429b61cad59ae0", size = 218735 },
    { url = "https://files.pythonhosted.org/packages/6a/c3/78b4adddbc0feb3b223f62761e5f9b4c5a758037aaf76e0a5845e9e35e48/coverage-7.10.3-cp313-cp313-win_amd64.whl", hash = "sha256:3564aae76bce4b96e2345cf53b4c87e938c4985424a9be6a66ee902626edec4c", size = 219531 },
    { url = "https://files.pythonhosted.org/packages/70/1b/1229c0b2a527fa5390db58d164aa896d513a1fbb85a1b6b6676846f00552/coverage-7.10.3-cp313-cp313-win_arm64.whl", hash = "sha256:f35580f19f297455f44afcd773c9c7a058e52eb6eb170aa31222e635f2e38b87", size = 218162 },
    { url = "https://files.pythonhosted.org/packages/fc/26/1c1f450e15a3bf3eaecf053ff64538a2612a23f05b21d79ce03be9ff5903/coverage-7.10.3-cp313-cp313t-macosx_10_13_x86_64.whl", hash = "sha256:07009152f497a0464ffdf2634586787aea0e69ddd023eafb23fc38267db94b84", size = 217003 },
    { url = "https://files.pythonhosted.org/packages/29/96/4b40036181d8c2948454b458750960956a3c4785f26a3c29418bbbee1666/coverage-7.10.3-cp313-cp313t-macosx_11_0_arm64.whl", hash = "sha256:8dd2ba5f0c7e7e8cc418be2f0c14c4d9e3f08b8fb8e4c0f83c2fe87d03eb655e", size = 217238 },
    { url = "https://files.pythonhosted.org/packages/62/23/8dfc52e95da20957293fb94d97397a100e63095ec1e0ef5c09dd8c6f591a/coverage-7.10.3-cp313-cp313t-manylinux1_i686.manylinux_2_28_i686.manylinux_2_5_i686.whl", hash = "sha256:1ae22b97003c74186e034a93e4f946c75fad8c0ce8d92fbbc168b5e15ee2841f", size = 258561 },
    { url = "https://files.pythonhosted.org/packages/59/95/00e7fcbeda3f632232f4c07dde226afe3511a7781a000aa67798feadc535/coverage-7.10.3-cp313-cp313t-manylinux1_x86_64.manylinux_2_28_x86_64.manylinux_2_5_x86_64.whl", hash = "sha256:eb329f1046888a36b1dc35504d3029e1dd5afe2196d94315d18c45ee380f67d5", size = 260735 },
    { url = "https://files.pythonhosted.org/packages/9e/4c/f4666cbc4571804ba2a65b078ff0de600b0b577dc245389e0bc9b69ae7ca/coverage-7.10.3-cp313-cp313t-manylinux2014_aarch64.manylinux_2_17_aarch64.manylinux_2_28_aarch64.whl", hash = "sha256:ce01048199a91f07f96ca3074b0c14021f4fe7ffd29a3e6a188ac60a5c3a4af8", size = 262960 },
    { url = "https://files.pythonhosted.org/packages/c1/a5/8a9e8a7b12a290ed98b60f73d1d3e5e9ced75a4c94a0d1a671ce3ddfff2a/coverage-7.10.3-cp313-cp313t-musllinux_1_2_aarch64.whl", hash = "sha256:08b989a06eb9dfacf96d42b7fb4c9a22bafa370d245dc22fa839f2168c6f9fa1", size = 260515 },
    { url = "https://files.pythonhosted.org/packages/86/11/bb59f7f33b2cac0c5b17db0d9d0abba9c90d9eda51a6e727b43bd5fce4ae/coverage-7.10.3-cp313-cp313t-musllinux_1_2_i686.whl", hash = "sha256:669fe0d4e69c575c52148511029b722ba8d26e8a3129840c2ce0522e1452b256", size = 258278 },
    { url = "https://files.pythonhosted.org/packages/cc/22/3646f8903743c07b3e53fded0700fed06c580a980482f04bf9536657ac17/coverage-7.10.3-cp313-cp313t-musllinux_1_2_x86_64.whl", hash = "sha256:3262d19092771c83f3413831d9904b1ccc5f98da5de4ffa4ad67f5b20c7aaf7b", size = 259408 },
    { url = "https://files.pythonhosted.org/packages/d2/5c/6375e9d905da22ddea41cd85c30994b8b6f6c02e44e4c5744b76d16b026f/coverage-7.10.3-cp313-cp313t-win32.whl", hash = "sha256:cc0ee4b2ccd42cab7ee6be46d8a67d230cb33a0a7cd47a58b587a7063b6c6b0e", size = 219396 },
    { url = "https://files.pythonhosted.org/packages/33/3b/7da37fd14412b8c8b6e73c3e7458fef6b1b05a37f990a9776f88e7740c89/coverage-7.10.3-cp313-cp313t-win_amd64.whl", hash = "sha256:03db599f213341e2960430984e04cf35fb179724e052a3ee627a068653cf4a7c", size = 220458 },
    { url = "https://files.pythonhosted.org/packages/28/cc/59a9a70f17edab513c844ee7a5c63cf1057041a84cc725b46a51c6f8301b/coverage-7.10.3-cp313-cp313t-win_arm64.whl", hash = "sha256:46eae7893ba65f53c71284585a262f083ef71594f05ec5c85baf79c402369098", size = 218722 },
    { url = "https://files.pythonhosted.org/packages/2d/84/bb773b51a06edbf1231b47dc810a23851f2796e913b335a0fa364773b842/coverage-7.10.3-cp314-cp314-macosx_10_13_x86_64.whl", hash = "sha256:bce8b8180912914032785850d8f3aacb25ec1810f5f54afc4a8b114e7a9b55de", size = 216280 },
    { url = "https://files.pythonhosted.org/packages/92/a8/4d8ca9c111d09865f18d56facff64d5fa076a5593c290bd1cfc5dceb8dba/coverage-7.10.3-cp314-cp314-macosx_11_0_arm64.whl", hash = "sha256:07790b4b37d56608536f7c1079bd1aa511567ac2966d33d5cec9cf520c50a7c8", size = 216557 },
    { url = "https://files.pythonhosted.org/packages/fe/b2/eb668bfc5060194bc5e1ccd6f664e8e045881cfee66c42a2aa6e6c5b26e8/coverage-7.10.3-cp314-cp314-manylinux1_i686.manylinux_2_28_i686.manylinux_2_5_i686.whl", hash = "sha256:e79367ef2cd9166acedcbf136a458dfe9a4a2dd4d1ee95738fb2ee581c56f667", size = 247598 },
    { url = "https://files.pythonhosted.org/packages/fd/b0/9faa4ac62c8822219dd83e5d0e73876398af17d7305968aed8d1606d1830/coverage-7.10.3-cp314-cp314-manylinux1_x86_64.manylinux_2_28_x86_64.manylinux_2_5_x86_64.whl", hash = "sha256:419d2a0f769f26cb1d05e9ccbc5eab4cb5d70231604d47150867c07822acbdf4", size = 250131 },
    { url = "https://files.pythonhosted.org/packages/4e/90/203537e310844d4bf1bdcfab89c1e05c25025c06d8489b9e6f937ad1a9e2/coverage-7.10.3-cp314-cp314-manylinux2014_aarch64.manylinux_2_17_aarch64.manylinux_2_28_aarch64.whl", hash = "sha256:ee221cf244757cdc2ac882e3062ab414b8464ad9c884c21e878517ea64b3fa26", size = 251485 },
    { url = "https://files.pythonhosted.org/packages/b9/b2/9d894b26bc53c70a1fe503d62240ce6564256d6d35600bdb86b80e516e7d/coverage-7.10.3-cp314-cp314-musllinux_1_2_aarch64.whl", hash = "sha256:c2079d8cdd6f7373d628e14b3357f24d1db02c9dc22e6a007418ca7a2be0435a", size = 249488 },
    { url = "https://files.pythonhosted.org/packages/b4/28/af167dbac5281ba6c55c933a0ca6675d68347d5aee39cacc14d44150b922/coverage-7.10.3-cp314-cp314-musllinux_1_2_i686.whl", hash = "sha256:bd8df1f83c0703fa3ca781b02d36f9ec67ad9cb725b18d486405924f5e4270bd", size = 247419 },
    { url = "https://files.pythonhosted.org/packages/f4/1c/9a4ddc9f0dcb150d4cd619e1c4bb39bcf694c6129220bdd1e5895d694dda/coverage-7.10.3-cp314-cp314-musllinux_1_2_x86_64.whl", hash = "sha256:6b4e25e0fa335c8aa26e42a52053f3786a61cc7622b4d54ae2dad994aa754fec", size = 248917 },
    { url = "https://files.pythonhosted.org/packages/92/27/c6a60c7cbe10dbcdcd7fc9ee89d531dc04ea4c073800279bb269954c5a9f/coverage-7.10.3-cp314-cp314-win32.whl", hash = "sha256:d7c3d02c2866deb217dce664c71787f4b25420ea3eaf87056f44fb364a3528f5", size = 218999 },
    { url = "https://files.pythonhosted.org/packages/36/09/a94c1369964ab31273576615d55e7d14619a1c47a662ed3e2a2fe4dee7d4/coverage-7.10.3-cp314-cp314-win_amd64.whl", hash = "sha256:9c8916d44d9e0fe6cdb2227dc6b0edd8bc6c8ef13438bbbf69af7482d9bb9833", size = 219801 },
    { url = "https://files.pythonhosted.org/packages/23/59/f5cd2a80f401c01cf0f3add64a7b791b7d53fd6090a4e3e9ea52691cf3c4/coverage-7.10.3-cp314-cp314-win_arm64.whl", hash = "sha256:1007d6a2b3cf197c57105cc1ba390d9ff7f0bee215ced4dea530181e49c65ab4", size = 218381 },
    { url = "https://files.pythonhosted.org/packages/73/3d/89d65baf1ea39e148ee989de6da601469ba93c1d905b17dfb0b83bd39c96/coverage-7.10.3-cp314-cp314t-macosx_10_13_x86_64.whl", hash = "sha256:ebc8791d346410d096818788877d675ca55c91db87d60e8f477bd41c6970ffc6", size = 217019 },
    { url = "https://files.pythonhosted.org/packages/7d/7d/d9850230cd9c999ce3a1e600f85c2fff61a81c301334d7a1faa1a5ba19c8/coverage-7.10.3-cp314-cp314t-macosx_11_0_arm64.whl", hash = "sha256:1f4e4d8e75f6fd3c6940ebeed29e3d9d632e1f18f6fb65d33086d99d4d073241", size = 217237 },
    { url = "https://files.pythonhosted.org/packages/36/51/b87002d417202ab27f4a1cd6bd34ee3b78f51b3ddbef51639099661da991/coverage-7.10.3-cp314-cp314t-manylinux1_i686.manylinux_2_28_i686.manylinux_2_5_i686.whl", hash = "sha256:24581ed69f132b6225a31b0228ae4885731cddc966f8a33fe5987288bdbbbd5e", size = 258735 },
    { url = "https://files.pythonhosted.org/packages/1c/02/1f8612bfcb46fc7ca64a353fff1cd4ed932bb6e0b4e0bb88b699c16794b8/coverage-7.10.3-cp314-cp314t-manylinux1_x86_64.manylinux_2_28_x86_64.manylinux_2_5_x86_64.whl", hash = "sha256:ec151569ddfccbf71bac8c422dce15e176167385a00cd86e887f9a80035ce8a5", size = 260901 },
    { url = "https://files.pythonhosted.org/packages/aa/3a/fe39e624ddcb2373908bd922756384bb70ac1c5009b0d1674eb326a3e428/coverage-7.10.3-cp314-cp314t-manylinux2014_aarch64.manylinux_2_17_aarch64.manylinux_2_28_aarch64.whl", hash = "sha256:2ae8e7c56290b908ee817200c0b65929b8050bc28530b131fe7c6dfee3e7d86b", size = 263157 },
    { url = "https://files.pythonhosted.org/packages/5e/89/496b6d5a10fa0d0691a633bb2b2bcf4f38f0bdfcbde21ad9e32d1af328ed/coverage-7.10.3-cp314-cp314t-musllinux_1_2_aarch64.whl", hash = "sha256:5fb742309766d7e48e9eb4dc34bc95a424707bc6140c0e7d9726e794f11b92a0", size = 260597 },
    { url = "https://files.pythonhosted.org/packages/b6/a6/8b5bf6a9e8c6aaeb47d5fe9687014148efc05c3588110246d5fdeef9b492/coverage-7.10.3-cp314-cp314t-musllinux_1_2_i686.whl", hash = "sha256:c65e2a5b32fbe1e499f1036efa6eb9cb4ea2bf6f7168d0e7a5852f3024f471b1", size = 258353 },
    { url = "https://files.pythonhosted.org/packages/c3/6d/ad131be74f8afd28150a07565dfbdc86592fd61d97e2dc83383d9af219f0/coverage-7.10.3-cp314-cp314t-musllinux_1_2_x86_64.whl", hash = "sha256:d48d2cb07d50f12f4f18d2bb75d9d19e3506c26d96fffabf56d22936e5ed8f7c", size = 259504 },
    { url = "https://files.pythonhosted.org/packages/ec/30/fc9b5097092758cba3375a8cc4ff61774f8cd733bcfb6c9d21a60077a8d8/coverage-7.10.3-cp314-cp314t-win32.whl", hash = "sha256:dec0d9bc15ee305e09fe2cd1911d3f0371262d3cfdae05d79515d8cb712b4869", size = 219782 },
    { url = "https://files.pythonhosted.org/packages/72/9b/27fbf79451b1fac15c4bda6ec6e9deae27cf7c0648c1305aa21a3454f5c4/coverage-7.10.3-cp314-cp314t-win_amd64.whl", hash = "sha256:424ea93a323aa0f7f01174308ea78bde885c3089ec1bef7143a6d93c3e24ef64", size = 220898 },
    { url = "https://files.pythonhosted.org/packages/d1/cf/a32bbf92869cbf0b7c8b84325327bfc718ad4b6d2c63374fef3d58e39306/coverage-7.10.3-cp314-cp314t-win_arm64.whl", hash = "sha256:f5983c132a62d93d71c9ef896a0b9bf6e6828d8d2ea32611f58684fba60bba35", size = 218922 },
    { url = "https://files.pythonhosted.org/packages/84/19/e67f4ae24e232c7f713337f3f4f7c9c58afd0c02866fb07c7b9255a19ed7/coverage-7.10.3-py3-none-any.whl", hash = "sha256:416a8d74dc0adfd33944ba2f405897bab87b7e9e84a391e09d241956bd953ce1", size = 207921 },
]

[[package]]
name = "fastapi"
version = "0.116.1"
source = { registry = "https://pypi.org/simple" }
dependencies = [
    { name = "pydantic" },
    { name = "starlette" },
    { name = "typing-extensions" },
]
sdist = { url = "https://files.pythonhosted.org/packages/78/d7/6c8b3bfe33eeffa208183ec037fee0cce9f7f024089ab1c5d12ef04bd27c/fastapi-0.116.1.tar.gz", hash = "sha256:ed52cbf946abfd70c5a0dccb24673f0670deeb517a88b3544d03c2a6bf283143", size = 296485 }
wheels = [
    { url = "https://files.pythonhosted.org/packages/e5/47/d63c60f59a59467fda0f93f46335c9d18526d7071f025cb5b89d5353ea42/fastapi-0.116.1-py3-none-any.whl", hash = "sha256:c46ac7c312df840f0c9e220f7964bada936781bc4e2e6eb71f1c4d7553786565", size = 95631 },
]

[[package]]
name = "h11"
version = "0.16.0"
source = { registry = "https://pypi.org/simple" }
sdist = { url = "https://files.pythonhosted.org/packages/01/ee/02a2c011bdab74c6fb3c75474d40b3052059d95df7e73351460c8588d963/h11-0.16.0.tar.gz", hash = "sha256:4e35b956cf45792e4caa5885e69fba00bdbc6ffafbfa020300e549b208ee5ff1", size = 101250 }
wheels = [
    { url = "https://files.pythonhosted.org/packages/04/4b/29cac41a4d98d144bf5f6d33995617b185d14b22401f75ca86f384e87ff1/h11-0.16.0-py3-none-any.whl", hash = "sha256:63cf8bbe7522de3bf65932fda1d9c2772064ffb3dae62d55932da54b31cb6c86", size = 37515 },
]

[[package]]
name = "httpcore"
version = "1.0.9"
source = { registry = "https://pypi.org/simple" }
dependencies = [
    { name = "certifi" },
    { name = "h11" },
]
sdist = { url = "https://files.pythonhosted.org/packages/06/94/82699a10bca87a5556c9c59b5963f2d039dbd239f25bc2a63907a05a14cb/httpcore-1.0.9.tar.gz", hash = "sha256:6e34463af53fd2ab5d807f399a9b45ea31c3dfa2276f15a2c3f00afff6e176e8", size = 85484 }
wheels = [
    { url = "https://files.pythonhosted.org/packages/7e/f5/f66802a942d491edb555dd61e3a9961140fd64c90bce1eafd741609d334d/httpcore-1.0.9-py3-none-any.whl", hash = "sha256:2d400746a40668fc9dec9810239072b40b4484b640a8c38fd654a024c7a1bf55", size = 78784 },
]

[[package]]
name = "httpx"
version = "0.28.1"
source = { registry = "https://pypi.org/simple" }
dependencies = [
    { name = "anyio" },
    { name = "certifi" },
    { name = "httpcore" },
    { name = "idna" },
]
sdist = { url = "https://files.pythonhosted.org/packages/b1/df/48c586a5fe32a0f01324ee087459e112ebb7224f646c0b5023f5e79e9956/httpx-0.28.1.tar.gz", hash = "sha256:75e98c5f16b0f35b567856f597f06ff2270a374470a5c2392242528e3e3e42fc", size = 141406 }
wheels = [
    { url = "https://files.pythonhosted.org/packages/2a/39/e50c7c3a983047577ee07d2a9e53faf5a69493943ec3f6a384bdc792deb2/httpx-0.28.1-py3-none-any.whl", hash = "sha256:d909fcccc110f8c7faf814ca82a9a4d816bc5a6dbfea25d6591d6985b8ba59ad", size = 73517 },
]

[[package]]
name = "idna"
version = "3.10"
source = { registry = "https://pypi.org/simple" }
sdist = { url = "https://files.pythonhosted.org/packages/f1/70/7703c29685631f5a7590aa73f1f1d3fa9a380e654b86af429e0934a32f7d/idna-3.10.tar.gz", hash = "sha256:12f65c9b470abda6dc35cf8e63cc574b1c52b11df2c86030af0ac09b01b13ea9", size = 190490 }
wheels = [
    { url = "https://files.pythonhosted.org/packages/76/c6/c88e154df9c4e1a2a66ccf0005a88dfb2650c1dffb6f5ce603dfbd452ce3/idna-3.10-py3-none-any.whl", hash = "sha256:946d195a0d259cbba61165e88e65941f16e9b36ea6ddb97f00452bae8b1287d3", size = 70442 },
]

[[package]]
name = "iniconfig"
version = "2.1.0"
source = { registry = "https://pypi.org/simple" }
sdist = { url = "https://files.pythonhosted.org/packages/f2/97/ebf4da567aa6827c909642694d71c9fcf53e5b504f2d96afea02718862f3/iniconfig-2.1.0.tar.gz", hash = "sha256:3abbd2e30b36733fee78f9c7f7308f2d0050e88f0087fd25c2645f63c773e1c7", size = 4793 }
wheels = [
    { url = "https://files.pythonhosted.org/packages/2c/e1/e6716421ea10d38022b952c159d5161ca1193197fb744506875fbb87ea7b/iniconfig-2.1.0-py3-none-any.whl", hash = "sha256:9deba5723312380e77435581c6bf4935c94cbfab9b1ed33ef8d238ea168eb760", size = 6050 },
]

[[package]]
name = "packaging"
version = "25.0"
source = { registry = "https://pypi.org/simple" }
sdist = { url = "https://files.pythonhosted.org/packages/a1/d4/1fc4078c65507b51b96ca8f8c3ba19e6a61c8253c72794544580a7b6c24d/packaging-25.0.tar.gz", hash = "sha256:d443872c98d677bf60f6a1f2f8c1cb748e8fe762d2bf9d3148b5599295b0fc4f", size = 165727 }
wheels = [
    { url = "https://files.pythonhosted.org/packages/20/12/38679034af332785aac8774540895e234f4d07f7545804097de4b666afd8/packaging-25.0-py3-none-any.whl", hash = "sha256:29572ef2b1f17581046b3a2227d5c611fb25ec70ca1ba8554b24b0e69331a484", size = 66469 },
]

[[package]]
name = "pluggy"
version = "1.6.0"
source = { registry = "https://pypi.org/simple" }
sdist = { url = "https://files.pythonhosted.org/packages/f9/e2/3e91f31a7d2b083fe6ef3fa267035b518369d9511ffab804f839851d2779/pluggy-1.6.0.tar.gz", hash = "sha256:7dcc130b76258d33b90f61b658791dede3486c3e6bfb003ee5c9bfb396dd22f3", size = 69412 }
wheels = [
    { url = "https://files.pythonhosted.org/packages/54/20/4d324d65cc6d9205fabedc306948156824eb9f0ee1633355a8f7ec5c66bf/pluggy-1.6.0-py3-none-any.whl", hash = "sha256:e920276dd6813095e9377c0bc5566d94c932c33b27a3e3945d8389c374dd4746", size = 20538 },
]

[[package]]
name = "pydantic"
version = "2.11.7"
source = { registry = "https://pypi.org/simple" }
dependencies = [
    { name = "annotated-types" },
    { name = "pydantic-core" },
    { name = "typing-extensions" },
    { name = "typing-inspection" },
]
sdist = { url = "https://files.pythonhosted.org/packages/00/dd/4325abf92c39ba8623b5af936ddb36ffcfe0beae70405d456ab1fb2f5b8c/pydantic-2.11.7.tar.gz", hash = "sha256:d989c3c6cb79469287b1569f7447a17848c998458d49ebe294e975b9baf0f0db", size = 788350 }
wheels = [
    { url = "https://files.pythonhosted.org/packages/6a/c0/ec2b1c8712ca690e5d61979dee872603e92b8a32f94cc1b72d53beab008a/pydantic-2.11.7-py3-none-any.whl", hash = "sha256:dde5df002701f6de26248661f6835bbe296a47bf73990135c7d07ce741b9623b", size = 444782 },
]

[[package]]
name = "pydantic-core"
version = "2.33.2"
source = { registry = "https://pypi.org/simple" }
dependencies = [
    { name = "typing-extensions" },
]
sdist = { url = "https://files.pythonhosted.org/packages/ad/88/5f2260bdfae97aabf98f1778d43f69574390ad787afb646292a638c923d4/pydantic_core-2.33.2.tar.gz", hash = "sha256:7cb8bc3605c29176e1b105350d2e6474142d7c1bd1d9327c4a9bdb46bf827acc", size = 435195 }
wheels = [
    { url = "https://files.pythonhosted.org/packages/18/8a/2b41c97f554ec8c71f2a8a5f85cb56a8b0956addfe8b0efb5b3d77e8bdc3/pydantic_core-2.33.2-cp312-cp312-macosx_10_12_x86_64.whl", hash = "sha256:a7ec89dc587667f22b6a0b6579c249fca9026ce7c333fc142ba42411fa243cdc", size = 2009000 },
    { url = "https://files.pythonhosted.org/packages/a1/02/6224312aacb3c8ecbaa959897af57181fb6cf3a3d7917fd44d0f2917e6f2/pydantic_core-2.33.2-cp312-cp312-macosx_11_0_arm64.whl", hash = "sha256:3c6db6e52c6d70aa0d00d45cdb9b40f0433b96380071ea80b09277dba021ddf7", size = 1847996 },
    { url = "https://files.pythonhosted.org/packages/d6/46/6dcdf084a523dbe0a0be59d054734b86a981726f221f4562aed313dbcb49/pydantic_core-2.33.2-cp312-cp312-manylinux_2_17_aarch64.manylinux2014_aarch64.whl", hash = "sha256:4e61206137cbc65e6d5256e1166f88331d3b6238e082d9f74613b9b765fb9025", size = 1880957 },
    { url = "https://files.pythonhosted.org/packages/ec/6b/1ec2c03837ac00886ba8160ce041ce4e325b41d06a034adbef11339ae422/pydantic_core-2.33.2-cp312-cp312-manylinux_2_17_armv7l.manylinux2014_armv7l.whl", hash = "sha256:eb8c529b2819c37140eb51b914153063d27ed88e3bdc31b71198a198e921e011", size = 1964199 },
    { url = "https://files.pythonhosted.org/packages/2d/1d/6bf34d6adb9debd9136bd197ca72642203ce9aaaa85cfcbfcf20f9696e83/pydantic_core-2.33.2-cp312-cp312-manylinux_2_17_ppc64le.manylinux2014_ppc64le.whl", hash = "sha256:c52b02ad8b4e2cf14ca7b3d918f3eb0ee91e63b3167c32591e57c4317e134f8f", size = 2120296 },
    { url = "https://files.pythonhosted.org/packages/e0/94/2bd0aaf5a591e974b32a9f7123f16637776c304471a0ab33cf263cf5591a/pydantic_core-2.33.2-cp312-cp312-manylinux_2_17_s390x.manylinux2014_s390x.whl", hash = "sha256:96081f1605125ba0855dfda83f6f3df5ec90c61195421ba72223de35ccfb2f88", size = 2676109 },
    { url = "https://files.pythonhosted.org/packages/f9/41/4b043778cf9c4285d59742281a769eac371b9e47e35f98ad321349cc5d61/pydantic_core-2.33.2-cp312-cp312-manylinux_2_17_x86_64.manylinux2014_x86_64.whl", hash = "sha256:8f57a69461af2a5fa6e6bbd7a5f60d3b7e6cebb687f55106933188e79ad155c1", size = 2002028 },
    { url = "https://files.pythonhosted.org/packages/cb/d5/7bb781bf2748ce3d03af04d5c969fa1308880e1dca35a9bd94e1a96a922e/pydantic_core-2.33.2-cp312-cp312-manylinux_2_5_i686.manylinux1_i686.whl", hash = "sha256:572c7e6c8bb4774d2ac88929e3d1f12bc45714ae5ee6d9a788a9fb35e60bb04b", size = 2100044 },
    { url = "https://files.pythonhosted.org/packages/fe/36/def5e53e1eb0ad896785702a5bbfd25eed546cdcf4087ad285021a90ed53/pydantic_core-2.33.2-cp312-cp312-musllinux_1_1_aarch64.whl", hash = "sha256:db4b41f9bd95fbe5acd76d89920336ba96f03e149097365afe1cb092fceb89a1", size = 2058881 },
    { url = "https://files.pythonhosted.org/packages/01/6c/57f8d70b2ee57fc3dc8b9610315949837fa8c11d86927b9bb044f8705419/pydantic_core-2.33.2-cp312-cp312-musllinux_1_1_armv7l.whl", hash = "sha256:fa854f5cf7e33842a892e5c73f45327760bc7bc516339fda888c75ae60edaeb6", size = 2227034 },
    { url = "https://files.pythonhosted.org/packages/27/b9/9c17f0396a82b3d5cbea4c24d742083422639e7bb1d5bf600e12cb176a13/pydantic_core-2.33.2-cp312-cp312-musllinux_1_1_x86_64.whl", hash = "sha256:5f483cfb75ff703095c59e365360cb73e00185e01aaea067cd19acffd2ab20ea", size = 2234187 },
    { url = "https://files.pythonhosted.org/packages/b0/6a/adf5734ffd52bf86d865093ad70b2ce543415e0e356f6cacabbc0d9ad910/pydantic_core-2.33.2-cp312-cp312-win32.whl", hash = "sha256:9cb1da0f5a471435a7bc7e439b8a728e8b61e59784b2af70d7c169f8dd8ae290", size = 1892628 },
    { url = "https://files.pythonhosted.org/packages/43/e4/5479fecb3606c1368d496a825d8411e126133c41224c1e7238be58b87d7e/pydantic_core-2.33.2-cp312-cp312-win_amd64.whl", hash = "sha256:f941635f2a3d96b2973e867144fde513665c87f13fe0e193c158ac51bfaaa7b2", size = 1955866 },
    { url = "https://files.pythonhosted.org/packages/0d/24/8b11e8b3e2be9dd82df4b11408a67c61bb4dc4f8e11b5b0fc888b38118b5/pydantic_core-2.33.2-cp312-cp312-win_arm64.whl", hash = "sha256:cca3868ddfaccfbc4bfb1d608e2ccaaebe0ae628e1416aeb9c4d88c001bb45ab", size = 1888894 },
    { url = "https://files.pythonhosted.org/packages/46/8c/99040727b41f56616573a28771b1bfa08a3d3fe74d3d513f01251f79f172/pydantic_core-2.33.2-cp313-cp313-macosx_10_12_x86_64.whl", hash = "sha256:1082dd3e2d7109ad8b7da48e1d4710c8d06c253cbc4a27c1cff4fbcaa97a9e3f", size = 2015688 },
    { url = "https://files.pythonhosted.org/packages/3a/cc/5999d1eb705a6cefc31f0b4a90e9f7fc400539b1a1030529700cc1b51838/pydantic_core-2.33.2-cp313-cp313-macosx_11_0_arm64.whl", hash = "sha256:f517ca031dfc037a9c07e748cefd8d96235088b83b4f4ba8939105d20fa1dcd6", size = 1844808 },
    { url = "https://files.pythonhosted.org/packages/6f/5e/a0a7b8885c98889a18b6e376f344da1ef323d270b44edf8174d6bce4d622/pydantic_core-2.33.2-cp313-cp313-manylinux_2_17_aarch64.manylinux2014_aarch64.whl", hash = "sha256:0a9f2c9dd19656823cb8250b0724ee9c60a82f3cdf68a080979d13092a3b0fef", size = 1885580 },
    { url = "https://files.pythonhosted.org/packages/3b/2a/953581f343c7d11a304581156618c3f592435523dd9d79865903272c256a/pydantic_core-2.33.2-cp313-cp313-manylinux_2_17_armv7l.manylinux2014_armv7l.whl", hash = "sha256:2b0a451c263b01acebe51895bfb0e1cc842a5c666efe06cdf13846c7418caa9a", size = 1973859 },
    { url = "https://files.pythonhosted.org/packages/e6/55/f1a813904771c03a3f97f676c62cca0c0a4138654107c1b61f19c644868b/pydantic_core-2.33.2-cp313-cp313-manylinux_2_17_ppc64le.manylinux2014_ppc64le.whl", hash = "sha256:1ea40a64d23faa25e62a70ad163571c0b342b8bf66d5fa612ac0dec4f069d916", size = 2120810 },
    { url = "https://files.pythonhosted.org/packages/aa/c3/053389835a996e18853ba107a63caae0b9deb4a276c6b472931ea9ae6e48/pydantic_core-2.33.2-cp313-cp313-manylinux_2_17_s390x.manylinux2014_s390x.whl", hash = "sha256:0fb2d542b4d66f9470e8065c5469ec676978d625a8b7a363f07d9a501a9cb36a", size = 2676498 },
    { url = "https://files.pythonhosted.org/packages/eb/3c/f4abd740877a35abade05e437245b192f9d0ffb48bbbbd708df33d3cda37/pydantic_core-2.33.2-cp313-cp313-manylinux_2_17_x86_64.manylinux2014_x86_64.whl", hash = "sha256:9fdac5d6ffa1b5a83bca06ffe7583f5576555e6c8b3a91fbd25ea7780f825f7d", size = 2000611 },
    { url = "https://files.pythonhosted.org/packages/59/a7/63ef2fed1837d1121a894d0ce88439fe3e3b3e48c7543b2a4479eb99c2bd/pydantic_core-2.33.2-cp313-cp313-manylinux_2_5_i686.manylinux1_i686.whl", hash = "sha256:04a1a413977ab517154eebb2d326da71638271477d6ad87a769102f7c2488c56", size = 2107924 },
    { url = "https://files.pythonhosted.org/packages/04/8f/2551964ef045669801675f1cfc3b0d74147f4901c3ffa42be2ddb1f0efc4/pydantic_core-2.33.2-cp313-cp313-musllinux_1_1_aarch64.whl", hash = "sha256:c8e7af2f4e0194c22b5b37205bfb293d166a7344a5b0d0eaccebc376546d77d5", size = 2063196 },
    { url = "https://files.pythonhosted.org/packages/26/bd/d9602777e77fc6dbb0c7db9ad356e9a985825547dce5ad1d30ee04903918/pydantic_core-2.33.2-cp313-cp313-musllinux_1_1_armv7l.whl", hash = "sha256:5c92edd15cd58b3c2d34873597a1e20f13094f59cf88068adb18947df5455b4e", size = 2236389 },
    { url = "https://files.pythonhosted.org/packages/42/db/0e950daa7e2230423ab342ae918a794964b053bec24ba8af013fc7c94846/pydantic_core-2.33.2-cp313-cp313-musllinux_1_1_x86_64.whl", hash = "sha256:65132b7b4a1c0beded5e057324b7e16e10910c106d43675d9bd87d4f38dde162", size = 2239223 },
    { url = "https://files.pythonhosted.org/packages/58/4d/4f937099c545a8a17eb52cb67fe0447fd9a373b348ccfa9a87f141eeb00f/pydantic_core-2.33.2-cp313-cp313-win32.whl", hash = "sha256:52fb90784e0a242bb96ec53f42196a17278855b0f31ac7c3cc6f5c1ec4811849", size = 1900473 },
    { url = "https://files.pythonhosted.org/packages/a0/75/4a0a9bac998d78d889def5e4ef2b065acba8cae8c93696906c3a91f310ca/pydantic_core-2.33.2-cp313-cp313-win_amd64.whl", hash = "sha256:c083a3bdd5a93dfe480f1125926afcdbf2917ae714bdb80b36d34318b2bec5d9", size = 1955269 },
    { url = "https://files.pythonhosted.org/packages/f9/86/1beda0576969592f1497b4ce8e7bc8cbdf614c352426271b1b10d5f0aa64/pydantic_core-2.33.2-cp313-cp313-win_arm64.whl", hash = "sha256:e80b087132752f6b3d714f041ccf74403799d3b23a72722ea2e6ba2e892555b9", size = 1893921 },
    { url = "https://files.pythonhosted.org/packages/a4/7d/e09391c2eebeab681df2b74bfe6c43422fffede8dc74187b2b0bf6fd7571/pydantic_core-2.33.2-cp313-cp313t-macosx_11_0_arm64.whl", hash = "sha256:61c18fba8e5e9db3ab908620af374db0ac1baa69f0f32df4f61ae23f15e586ac", size = 1806162 },
    { url = "https://files.pythonhosted.org/packages/f1/3d/847b6b1fed9f8ed3bb95a9ad04fbd0b212e832d4f0f50ff4d9ee5a9f15cf/pydantic_core-2.33.2-cp313-cp313t-manylinux_2_17_x86_64.manylinux2014_x86_64.whl", hash = "sha256:95237e53bb015f67b63c91af7518a62a8660376a6a0db19b89acc77a4d6199f5", size = 1981560 },
    { url = "https://files.pythonhosted.org/packages/6f/9a/e73262f6c6656262b5fdd723ad90f518f579b7bc8622e43a942eec53c938/pydantic_core-2.33.2-cp313-cp313t-win_amd64.whl", hash = "sha256:c2fc0a768ef76c15ab9238afa6da7f69895bb5d1ee83aeea2e3509af4472d0b9", size = 1935777 },
]

[[package]]
name = "pygments"
version = "2.19.2"
source = { registry = "https://pypi.org/simple" }
sdist = { url = "https://files.pythonhosted.org/packages/b0/77/a5b8c569bf593b0140bde72ea885a803b82086995367bf2037de0159d924/pygments-2.19.2.tar.gz", hash = "sha256:636cb2477cec7f8952536970bc533bc43743542f70392ae026374600add5b887", size = 4968631 }
wheels = [
    { url = "https://files.pythonhosted.org/packages/c7/21/705964c7812476f378728bdf590ca4b771ec72385c533964653c68e86bdc/pygments-2.19.2-py3-none-any.whl", hash = "sha256:86540386c03d588bb81d44bc3928634ff26449851e99741617ecb9037ee5ec0b", size = 1225217 },
]

[[package]]
name = "pytest"
version = "8.4.1"
source = { registry = "https://pypi.org/simple" }
dependencies = [
    { name = "colorama", marker = "sys_platform == 'win32'" },
    { name = "iniconfig" },
    { name = "packaging" },
    { name = "pluggy" },
    { name = "pygments" },
]
sdist = { url = "https://files.pythonhosted.org/packages/08/ba/45911d754e8eba3d5a841a5ce61a65a685ff1798421ac054f85aa8747dfb/pytest-8.4.1.tar.gz", hash = "sha256:7c67fd69174877359ed9371ec3af8a3d2b04741818c51e5e99cc1742251fa93c", size = 1517714 }
wheels = [
    { url = "https://files.pythonhosted.org/packages/29/16/c8a903f4c4dffe7a12843191437d7cd8e32751d5de349d45d3fe69544e87/pytest-8.4.1-py3-none-any.whl", hash = "sha256:539c70ba6fcead8e78eebbf1115e8b589e7565830d7d006a8723f19ac8a0afb7", size = 365474 },
]

[[package]]
name = "pytest-asyncio"
version = "1.1.0"
source = { registry = "https://pypi.org/simple" }
dependencies = [
    { name = "pytest" },
]
sdist = { url = "https://files.pythonhosted.org/packages/4e/51/f8794af39eeb870e87a8c8068642fc07bce0c854d6865d7dd0f2a9d338c2/pytest_asyncio-1.1.0.tar.gz", hash = "sha256:796aa822981e01b68c12e4827b8697108f7205020f24b5793b3c41555dab68ea", size = 46652 }
wheels = [
    { url = "https://files.pythonhosted.org/packages/c7/9d/bf86eddabf8c6c9cb1ea9a869d6873b46f105a5d292d3a6f7071f5b07935/pytest_asyncio-1.1.0-py3-none-any.whl", hash = "sha256:5fe2d69607b0bd75c656d1211f969cadba035030156745ee09e7d71740e58ecf", size = 15157 },
]

[[package]]
name = "pytest-cov"
version = "6.2.1"
source = { registry = "https://pypi.org/simple" }
dependencies = [
    { name = "coverage" },
    { name = "pluggy" },
    { name = "pytest" },
]
sdist = { url = "https://files.pythonhosted.org/packages/18/99/668cade231f434aaa59bbfbf49469068d2ddd945000621d3d165d2e7dd7b/pytest_cov-6.2.1.tar.gz", hash = "sha256:25cc6cc0a5358204b8108ecedc51a9b57b34cc6b8c967cc2c01a4e00d8a67da2", size = 69432 }
wheels = [
    { url = "https://files.pythonhosted.org/packages/bc/16/4ea354101abb1287856baa4af2732be351c7bee728065aed451b678153fd/pytest_cov-6.2.1-py3-none-any.whl", hash = "sha256:f5bc4c23f42f1cdd23c70b1dab1bbaef4fc505ba950d53e0081d0730dd7e86d5", size = 24644 },
]

[[package]]
name = "python-multipart"
version = "0.0.20"
source = { registry = "https://pypi.org/simple" }
sdist = { url = "https://files.pythonhosted.org/packages/f3/87/f44d7c9f274c7ee665a29b885ec97089ec5dc034c7f3fafa03da9e39a09e/python_multipart-0.0.20.tar.gz", hash = "sha256:8dd0cab45b8e23064ae09147625994d090fa46f5b0d1e13af944c331a7fa9d13", size = 37158 }
wheels = [
    { url = "https://files.pythonhosted.org/packages/45/58/38b5afbc1a800eeea951b9285d3912613f2603bdf897a4ab0f4bd7f405fc/python_multipart-0.0.20-py3-none-any.whl", hash = "sha256:8a62d3a8335e06589fe01f2a3e178cdcc632f3fbe0d492ad9ee0ec35aab1f104", size = 24546 },
]

[[package]]
name = "redis"
version = "6.4.0"
source = { registry = "https://pypi.org/simple" }
sdist = { url = "https://files.pythonhosted.org/packages/0d/d6/e8b92798a5bd67d659d51a18170e91c16ac3b59738d91894651ee255ed49/redis-6.4.0.tar.gz", hash = "sha256:b01bc7282b8444e28ec36b261df5375183bb47a07eb9c603f284e89cbc5ef010", size = 4647399 }
wheels = [
    { url = "https://files.pythonhosted.org/packages/e8/02/89e2ed7e85db6c93dfa9e8f691c5087df4e3551ab39081a4d7c6d1f90e05/redis-6.4.0-py3-none-any.whl", hash = "sha256:f0544fa9604264e9464cdf4814e7d4830f74b165d52f2a330a760a88dd248b7f", size = 279847 },
]

[[package]]
name = "sniffio"
version = "1.3.1"
source = { registry = "https://pypi.org/simple" }
sdist = { url = "https://files.pythonhosted.org/packages/a2/87/a6771e1546d97e7e041b6ae58d80074f81b7d5121207425c964ddf5cfdbd/sniffio-1.3.1.tar.gz", hash = "sha256:f4324edc670a0f49750a81b895f35c3adb843cca46f0530f79fc1babb23789dc", size = 20372 }
wheels = [
    { url = "https://files.pythonhosted.org/packages/e9/44/75a9c9421471a6c4805dbf2356f7c181a29c1879239abab1ea2cc8f38b40/sniffio-1.3.1-py3-none-any.whl", hash = "sha256:2f6da418d1f1e0fddd844478f41680e794e6051915791a034ff65e5f100525a2", size = 10235 },
]

[[package]]
name = "starlette"
version = "0.47.2"
source = { registry = "https://pypi.org/simple" }
dependencies = [
    { name = "anyio" },
    { name = "typing-extensions", marker = "python_full_version < '3.13'" },
]
sdist = { url = "https://files.pythonhosted.org/packages/04/57/d062573f391d062710d4088fa1369428c38d51460ab6fedff920efef932e/starlette-0.47.2.tar.gz", hash = "sha256:6ae9aa5db235e4846decc1e7b79c4f346adf41e9777aebeb49dfd09bbd7023d8", size = 2583948 }
wheels = [
    { url = "https://files.pythonhosted.org/packages/f7/1f/b876b1f83aef204198a42dc101613fefccb32258e5428b5f9259677864b4/starlette-0.47.2-py3-none-any.whl", hash = "sha256:c5847e96134e5c5371ee9fac6fdf1a67336d5815e09eb2a01fdb57a351ef915b", size = 72984 },
]

[[package]]
name = "typing-extensions"
version = "4.14.1"
source = { registry = "https://pypi.org/simple" }
sdist = { url = "https://files.pythonhosted.org/packages/98/5a/da40306b885cc8c09109dc2e1abd358d5684b1425678151cdaed4731c822/typing_extensions-4.14.1.tar.gz", hash = "sha256:38b39f4aeeab64884ce9f74c94263ef78f3c22467c8724005483154c26648d36", size = 107673 }
wheels = [
    { url = "https://files.pythonhosted.org/packages/b5/00/d631e67a838026495268c2f6884f3711a15a9a2a96cd244fdaea53b823fb/typing_extensions-4.14.1-py3-none-any.whl", hash = "sha256:d1e1e3b58374dc93031d6eda2420a48ea44a36c2b4766a4fdeb3710755731d76", size = 43906 },
]

[[package]]
name = "typing-inspection"
version = "0.4.1"
source = { registry = "https://pypi.org/simple" }
dependencies = [
    { name = "typing-extensions" },
]
sdist = { url = "https://files.pythonhosted.org/packages/f8/b1/0c11f5058406b3af7609f121aaa6b609744687f1d158b3c3a5bf4cc94238/typing_inspection-0.4.1.tar.gz", hash = "sha256:6ae134cc0203c33377d43188d4064e9b357dba58cff3185f22924610e70a9d28", size = 75726 }
wheels = [
    { url = "https://files.pythonhosted.org/packages/17/69/cd203477f944c353c31bade965f880aa1061fd6bf05ded0726ca845b6ff7/typing_inspection-0.4.1-py3-none-any.whl", hash = "sha256:389055682238f53b04f7badcb49b989835495a96700ced5dab2d8feae4b26f51", size = 14552 },
]

[[package]]
name = "uvicorn"
version = "0.35.0"
source = { registry = "https://pypi.org/simple" }
dependencies = [
    { name = "click" },
    { name = "h11" },
]
sdist = { url = "https://files.pythonhosted.org/packages/5e/42/e0e305207bb88c6b8d3061399c6a961ffe5fbb7e2aa63c9234df7259e9cd/uvicorn-0.35.0.tar.gz", hash = "sha256:bc662f087f7cf2ce11a1d7fd70b90c9f98ef2e2831556dd078d131b96cc94a01", size = 78473 }
wheels = [
    { url = "https://files.pythonhosted.org/packages/d2/e2/dc81b1bd1dcfe91735810265e9d26bc8ec5da45b4c0f6237e286819194c3/uvicorn-0.35.0-py3-none-any.whl", hash = "sha256:197535216b25ff9b785e29a0b79199f55222193d47f820816e7da751e9bc8d4a", size = 66406 },
]
